// !$*UTF8*$!
{
	archiveVersion = 1;
	classes = {
	};
	objectVersion = 55;
	objects = {

/* Begin PBXBuildFile section */
		3A8B45C928DFDCDE0011C2C4 /* AppDelegate.swift in Sources */ = {isa = PBXBuildFile; fileRef = 3A8B45C828DFDCDE0011C2C4 /* AppDelegate.swift */; };
		3A8B45CB28DFDCDE0011C2C4 /* SceneDelegate.swift in Sources */ = {isa = PBXBuildFile; fileRef = 3A8B45CA28DFDCDE0011C2C4 /* SceneDelegate.swift */; };
		3A8B45CD28DFDCDE0011C2C4 /* ViewController.swift in Sources */ = {isa = PBXBuildFile; fileRef = 3A8B45CC28DFDCDE0011C2C4 /* ViewController.swift */; };
		3A8B45D028DFDCDE0011C2C4 /* Main.storyboard in Resources */ = {isa = PBXBuildFile; fileRef = 3A8B45CE28DFDCDE0011C2C4 /* Main.storyboard */; };
		3A8B45D228DFDCE00011C2C4 /* Assets.xcassets in Resources */ = {isa = PBXBuildFile; fileRef = 3A8B45D128DFDCE00011C2C4 /* Assets.xcassets */; };
		3A8B45D528DFDCE00011C2C4 /* LaunchScreen.storyboard in Resources */ = {isa = PBXBuildFile; fileRef = 3A8B45D328DFDCE00011C2C4 /* LaunchScreen.storyboard */; };
		3A8B45E028DFDCE00011C2C4 /* AppHackTests.swift in Sources */ = {isa = PBXBuildFile; fileRef = 3A8B45DF28DFDCE00011C2C4 /* AppHackTests.swift */; };
		3A8B45EA28DFDCE00011C2C4 /* AppHackUITests.swift in Sources */ = {isa = PBXBuildFile; fileRef = 3A8B45E928DFDCE00011C2C4 /* AppHackUITests.swift */; };
		3A8B45EC28DFDCE00011C2C4 /* AppHackUITestsLaunchTests.swift in Sources */ = {isa = PBXBuildFile; fileRef = 3A8B45EB28DFDCE00011C2C4 /* AppHackUITestsLaunchTests.swift */; };
/* End PBXBuildFile section */

/* Begin PBXContainerItemProxy section */
		3A8B45DC28DFDCE00011C2C4 /* PBXContainerItemProxy */ = {
			isa = PBXContainerItemProxy;
			containerPortal = 3A8B45BD28DFDCDE0011C2C4 /* Project object */;
			proxyType = 1;
			remoteGlobalIDString = 3A8B45C428DFDCDE0011C2C4;
			remoteInfo = AppHack;
		};
		3A8B45E628DFDCE00011C2C4 /* PBXContainerItemProxy */ = {
			isa = PBXContainerItemProxy;
			containerPortal = 3A8B45BD28DFDCDE0011C2C4 /* Project object */;
			proxyType = 1;
			remoteGlobalIDString = 3A8B45C428DFDCDE0011C2C4;
			remoteInfo = AppHack;
		};
/* End PBXContainerItemProxy section */

/* Begin PBXFileReference section */
		3A8B45C528DFDCDE0011C2C4 /* AppHack.app */ = {isa = PBXFileReference; explicitFileType = wrapper.application; includeInIndex = 0; path = AppHack.app; sourceTree = BUILT_PRODUCTS_DIR; };
		3A8B45C828DFDCDE0011C2C4 /* AppDelegate.swift */ = {isa = PBXFileReference; lastKnownFileType = sourcecode.swift; path = AppDelegate.swift; sourceTree = "<group>"; };
		3A8B45CA28DFDCDE0011C2C4 /* SceneDelegate.swift */ = {isa = PBXFileReference; lastKnownFileType = sourcecode.swift; path = SceneDelegate.swift; sourceTree = "<group>"; };
		3A8B45CC28DFDCDE0011C2C4 /* ViewController.swift */ = {isa = PBXFileReference; lastKnownFileType = sourcecode.swift; path = ViewController.swift; sourceTree = "<group>"; };
		3A8B45CF28DFDCDE0011C2C4 /* Base */ = {isa = PBXFileReference; lastKnownFileType = file.storyboard; name = Base; path = Base.lproj/Main.storyboard; sourceTree = "<group>"; };
		3A8B45D128DFDCE00011C2C4 /* Assets.xcassets */ = {isa = PBXFileReference; lastKnownFileType = folder.assetcatalog; path = Assets.xcassets; sourceTree = "<group>"; };
		3A8B45D428DFDCE00011C2C4 /* Base */ = {isa = PBXFileReference; lastKnownFileType = file.storyboard; name = Base; path = Base.lproj/LaunchScreen.storyboard; sourceTree = "<group>"; };
		3A8B45D628DFDCE00011C2C4 /* Info.plist */ = {isa = PBXFileReference; lastKnownFileType = text.plist.xml; path = Info.plist; sourceTree = "<group>"; };
		3A8B45DB28DFDCE00011C2C4 /* AppHackTests.xctest */ = {isa = PBXFileReference; explicitFileType = wrapper.cfbundle; includeInIndex = 0; path = AppHackTests.xctest; sourceTree = BUILT_PRODUCTS_DIR; };
		3A8B45DF28DFDCE00011C2C4 /* AppHackTests.swift */ = {isa = PBXFileReference; lastKnownFileType = sourcecode.swift; path = AppHackTests.swift; sourceTree = "<group>"; };
		3A8B45E528DFDCE00011C2C4 /* AppHackUITests.xctest */ = {isa = PBXFileReference; explicitFileType = wrapper.cfbundle; includeInIndex = 0; path = AppHackUITests.xctest; sourceTree = BUILT_PRODUCTS_DIR; };
		3A8B45E928DFDCE00011C2C4 /* AppHackUITests.swift */ = {isa = PBXFileReference; lastKnownFileType = sourcecode.swift; path = AppHackUITests.swift; sourceTree = "<group>"; };
		3A8B45EB28DFDCE00011C2C4 /* AppHackUITestsLaunchTests.swift */ = {isa = PBXFileReference; lastKnownFileType = sourcecode.swift; path = AppHackUITestsLaunchTests.swift; sourceTree = "<group>"; };
/* End PBXFileReference section */

/* Begin PBXFrameworksBuildPhase section */
		3A8B45C228DFDCDE0011C2C4 /* Frameworks */ = {
			isa = PBXFrameworksBuildPhase;
			buildActionMask = 2147483647;
			files = (
			);
			runOnlyForDeploymentPostprocessing = 0;
		};
		3A8B45D828DFDCE00011C2C4 /* Frameworks */ = {
			isa = PBXFrameworksBuildPhase;
			buildActionMask = 2147483647;
			files = (
			);
			runOnlyForDeploymentPostprocessing = 0;
		};
		3A8B45E228DFDCE00011C2C4 /* Frameworks */ = {
			isa = PBXFrameworksBuildPhase;
			buildActionMask = 2147483647;
			files = (
			);
			runOnlyForDeploymentPostprocessing = 0;
		};
/* End PBXFrameworksBuildPhase section */

/* Begin PBXGroup section */
		3A8B45BC28DFDCDE0011C2C4 = {
			isa = PBXGroup;
			children = (
				3A8B45C728DFDCDE0011C2C4 /* AppHack */,
				3A8B45DE28DFDCE00011C2C4 /* AppHackTests */,
				3A8B45E828DFDCE00011C2C4 /* AppHackUITests */,
				3A8B45C628DFDCDE0011C2C4 /* Products */,
			);
			sourceTree = "<group>";
		};
		3A8B45C628DFDCDE0011C2C4 /* Products */ = {
			isa = PBXGroup;
			children = (
				3A8B45C528DFDCDE0011C2C4 /* AppHack.app */,
				3A8B45DB28DFDCE00011C2C4 /* AppHackTests.xctest */,
				3A8B45E528DFDCE00011C2C4 /* AppHackUITests.xctest */,
			);
			name = Products;
			sourceTree = "<group>";
		};
		3A8B45C728DFDCDE0011C2C4 /* AppHack */ = {
			isa = PBXGroup;
			children = (
				3A8B45C828DFDCDE0011C2C4 /* AppDelegate.swift */,
				3A8B45CA28DFDCDE0011C2C4 /* SceneDelegate.swift */,
				3A8B45CC28DFDCDE0011C2C4 /* ViewController.swift */,
				3A8B45CE28DFDCDE0011C2C4 /* Main.storyboard */,
				3A8B45D128DFDCE00011C2C4 /* Assets.xcassets */,
				3A8B45D328DFDCE00011C2C4 /* LaunchScreen.storyboard */,
				3A8B45D628DFDCE00011C2C4 /* Info.plist */,
			);
			path = AppHack;
			sourceTree = "<group>";
		};
		3A8B45DE28DFDCE00011C2C4 /* AppHackTests */ = {
			isa = PBXGroup;
			children = (
				3A8B45DF28DFDCE00011C2C4 /* AppHackTests.swift */,
			);
			path = AppHackTests;
			sourceTree = "<group>";
		};
		3A8B45E828DFDCE00011C2C4 /* AppHackUITests */ = {
			isa = PBXGroup;
			children = (
				3A8B45E928DFDCE00011C2C4 /* AppHackUITests.swift */,
				3A8B45EB28DFDCE00011C2C4 /* AppHackUITestsLaunchTests.swift */,
			);
			path = AppHackUITests;
			sourceTree = "<group>";
		};
/* End PBXGroup section */

/* Begin PBXNativeTarget section */
		3A8B45C428DFDCDE0011C2C4 /* AppHack */ = {
			isa = PBXNativeTarget;
			buildConfigurationList = 3A8B45EF28DFDCE00011C2C4 /* Build configuration list for PBXNativeTarget "AppHack" */;
			buildPhases = (
				3A8B45C128DFDCDE0011C2C4 /* Sources */,
				3A8B45C228DFDCDE0011C2C4 /* Frameworks */,
				3A8B45C328DFDCDE0011C2C4 /* Resources */,
			);
			buildRules = (
			);
			dependencies = (
			);
			name = AppHack;
			productName = AppHack;
			productReference = 3A8B45C528DFDCDE0011C2C4 /* AppHack.app */;
			productType = "com.apple.product-type.application";
		};
		3A8B45DA28DFDCE00011C2C4 /* AppHackTests */ = {
			isa = PBXNativeTarget;
			buildConfigurationList = 3A8B45F228DFDCE00011C2C4 /* Build configuration list for PBXNativeTarget "AppHackTests" */;
			buildPhases = (
				3A8B45D728DFDCE00011C2C4 /* Sources */,
				3A8B45D828DFDCE00011C2C4 /* Frameworks */,
				3A8B45D928DFDCE00011C2C4 /* Resources */,
			);
			buildRules = (
			);
			dependencies = (
				3A8B45DD28DFDCE00011C2C4 /* PBXTargetDependency */,
			);
			name = AppHackTests;
			productName = AppHackTests;
			productReference = 3A8B45DB28DFDCE00011C2C4 /* AppHackTests.xctest */;
			productType = "com.apple.product-type.bundle.unit-test";
		};
		3A8B45E428DFDCE00011C2C4 /* AppHackUITests */ = {
			isa = PBXNativeTarget;
			buildConfigurationList = 3A8B45F528DFDCE00011C2C4 /* Build configuration list for PBXNativeTarget "AppHackUITests" */;
			buildPhases = (
				3A8B45E128DFDCE00011C2C4 /* Sources */,
				3A8B45E228DFDCE00011C2C4 /* Frameworks */,
				3A8B45E328DFDCE00011C2C4 /* Resources */,
			);
			buildRules = (
			);
			dependencies = (
				3A8B45E728DFDCE00011C2C4 /* PBXTargetDependency */,
			);
			name = AppHackUITests;
			productName = AppHackUITests;
			productReference = 3A8B45E528DFDCE00011C2C4 /* AppHackUITests.xctest */;
			productType = "com.apple.product-type.bundle.ui-testing";
		};
/* End PBXNativeTarget section */

/* Begin PBXProject section */
		3A8B45BD28DFDCDE0011C2C4 /* Project object */ = {
			isa = PBXProject;
			attributes = {
				BuildIndependentTargetsInParallel = 1;
				LastSwiftUpdateCheck = 1320;
				LastUpgradeCheck = 1320;
				TargetAttributes = {
					3A8B45C428DFDCDE0011C2C4 = {
						CreatedOnToolsVersion = 13.2.1;
					};
					3A8B45DA28DFDCE00011C2C4 = {
						CreatedOnToolsVersion = 13.2.1;
						TestTargetID = 3A8B45C428DFDCDE0011C2C4;
					};
					3A8B45E428DFDCE00011C2C4 = {
						CreatedOnToolsVersion = 13.2.1;
						TestTargetID = 3A8B45C428DFDCDE0011C2C4;
					};
				};
			};
			buildConfigurationList = 3A8B45C028DFDCDE0011C2C4 /* Build configuration list for PBXProject "AppHack" */;
			compatibilityVersion = "Xcode 13.0";
			developmentRegion = en;
			hasScannedForEncodings = 0;
			knownRegions = (
				en,
				Base,
			);
			mainGroup = 3A8B45BC28DFDCDE0011C2C4;
			productRefGroup = 3A8B45C628DFDCDE0011C2C4 /* Products */;
			projectDirPath = "";
			projectRoot = "";
			targets = (
				3A8B45C428DFDCDE0011C2C4 /* AppHack */,
				3A8B45DA28DFDCE00011C2C4 /* AppHackTests */,
				3A8B45E428DFDCE00011C2C4 /* AppHackUITests */,
			);
		};
/* End PBXProject section */

/* Begin PBXResourcesBuildPhase section */
		3A8B45C328DFDCDE0011C2C4 /* Resources */ = {
			isa = PBXResourcesBuildPhase;
			buildActionMask = 2147483647;
			files = (
				3A8B45D528DFDCE00011C2C4 /* LaunchScreen.storyboard in Resources */,
				3A8B45D228DFDCE00011C2C4 /* Assets.xcassets in Resources */,
				3A8B45D028DFDCDE0011C2C4 /* Main.storyboard in Resources */,
			);
			runOnlyForDeploymentPostprocessing = 0;
		};
		3A8B45D928DFDCE00011C2C4 /* Resources */ = {
			isa = PBXResourcesBuildPhase;
			buildActionMask = 2147483647;
			files = (
			);
			runOnlyForDeploymentPostprocessing = 0;
		};
		3A8B45E328DFDCE00011C2C4 /* Resources */ = {
			isa = PBXResourcesBuildPhase;
			buildActionMask = 2147483647;
			files = (
			);
			runOnlyForDeploymentPostprocessing = 0;
		};
/* End PBXResourcesBuildPhase section */

/* Begin PBXSourcesBuildPhase section */
		3A8B45C128DFDCDE0011C2C4 /* Sources */ = {
			isa = PBXSourcesBuildPhase;
			buildActionMask = 2147483647;
			files = (
				3A8B45CD28DFDCDE0011C2C4 /* ViewController.swift in Sources */,
				3A8B45C928DFDCDE0011C2C4 /* AppDelegate.swift in Sources */,
				3A8B45CB28DFDCDE0011C2C4 /* SceneDelegate.swift in Sources */,
			);
			runOnlyForDeploymentPostprocessing = 0;
		};
		3A8B45D728DFDCE00011C2C4 /* Sources */ = {
			isa = PBXSourcesBuildPhase;
			buildActionMask = 2147483647;
			files = (
				3A8B45E028DFDCE00011C2C4 /* AppHackTests.swift in Sources */,
			);
			runOnlyForDeploymentPostprocessing = 0;
		};
		3A8B45E128DFDCE00011C2C4 /* Sources */ = {
			isa = PBXSourcesBuildPhase;
			buildActionMask = 2147483647;
			files = (
				3A8B45EA28DFDCE00011C2C4 /* AppHackUITests.swift in Sources */,
				3A8B45EC28DFDCE00011C2C4 /* AppHackUITestsLaunchTests.swift in Sources */,
			);
			runOnlyForDeploymentPostprocessing = 0;
		};
/* End PBXSourcesBuildPhase section */

/* Begin PBXTargetDependency section */
		3A8B45DD28DFDCE00011C2C4 /* PBXTargetDependency */ = {
			isa = PBXTargetDependency;
			target = 3A8B45C428DFDCDE0011C2C4 /* AppHack */;
			targetProxy = 3A8B45DC28DFDCE00011C2C4 /* PBXContainerItemProxy */;
		};
		3A8B45E728DFDCE00011C2C4 /* PBXTargetDependency */ = {
			isa = PBXTargetDependency;
			target = 3A8B45C428DFDCDE0011C2C4 /* AppHack */;
			targetProxy = 3A8B45E628DFDCE00011C2C4 /* PBXContainerItemProxy */;
		};
/* End PBXTargetDependency section */

/* Begin PBXVariantGroup section */
		3A8B45CE28DFDCDE0011C2C4 /* Main.storyboard */ = {
			isa = PBXVariantGroup;
			children = (
				3A8B45CF28DFDCDE0011C2C4 /* Base */,
			);
			name = Main.storyboard;
			sourceTree = "<group>";
		};
		3A8B45D328DFDCE00011C2C4 /* LaunchScreen.storyboard */ = {
			isa = PBXVariantGroup;
			children = (
				3A8B45D428DFDCE00011C2C4 /* Base */,
			);
			name = LaunchScreen.storyboard;
			sourceTree = "<group>";
		};
/* End PBXVariantGroup section */

/* Begin XCBuildConfiguration section */
		3A8B45ED28DFDCE00011C2C4 /* Debug */ = {
			isa = XCBuildConfiguration;
			buildSettings = {
				ALWAYS_SEARCH_USER_PATHS = NO;
				CLANG_ANALYZER_NONNULL = YES;
				CLANG_ANALYZER_NUMBER_OBJECT_CONVERSION = YES_AGGRESSIVE;
				CLANG_CXX_LANGUAGE_STANDARD = "gnu++17";
				CLANG_CXX_LIBRARY = "libc++";
				CLANG_ENABLE_MODULES = YES;
				CLANG_ENABLE_OBJC_ARC = YES;
				CLANG_ENABLE_OBJC_WEAK = YES;
				CLANG_WARN_BLOCK_CAPTURE_AUTORELEASING = YES;
				CLANG_WARN_BOOL_CONVERSION = YES;
				CLANG_WARN_COMMA = YES;
				CLANG_WARN_CONSTANT_CONVERSION = YES;
				CLANG_WARN_DEPRECATED_OBJC_IMPLEMENTATIONS = YES;
				CLANG_WARN_DIRECT_OBJC_ISA_USAGE = YES_ERROR;
				CLANG_WARN_DOCUMENTATION_COMMENTS = YES;
				CLANG_WARN_EMPTY_BODY = YES;
				CLANG_WARN_ENUM_CONVERSION = YES;
				CLANG_WARN_INFINITE_RECURSION = YES;
				CLANG_WARN_INT_CONVERSION = YES;
				CLANG_WARN_NON_LITERAL_NULL_CONVERSION = YES;
				CLANG_WARN_OBJC_IMPLICIT_RETAIN_SELF = YES;
				CLANG_WARN_OBJC_LITERAL_CONVERSION = YES;
				CLANG_WARN_OBJC_ROOT_CLASS = YES_ERROR;
				CLANG_WARN_QUOTED_INCLUDE_IN_FRAMEWORK_HEADER = YES;
				CLANG_WARN_RANGE_LOOP_ANALYSIS = YES;
				CLANG_WARN_STRICT_PROTOTYPES = YES;
				CLANG_WARN_SUSPICIOUS_MOVE = YES;
				CLANG_WARN_UNGUARDED_AVAILABILITY = YES_AGGRESSIVE;
				CLANG_WARN_UNREACHABLE_CODE = YES;
				CLANG_WARN__DUPLICATE_METHOD_MATCH = YES;
				COPY_PHASE_STRIP = NO;
				DEBUG_INFORMATION_FORMAT = dwarf;
				ENABLE_STRICT_OBJC_MSGSEND = YES;
				ENABLE_TESTABILITY = YES;
				GCC_C_LANGUAGE_STANDARD = gnu11;
				GCC_DYNAMIC_NO_PIC = NO;
				GCC_NO_COMMON_BLOCKS = YES;
				GCC_OPTIMIZATION_LEVEL = 0;
				GCC_PREPROCESSOR_DEFINITIONS = (
					"DEBUG=1",
					"$(inherited)",
				);
				GCC_WARN_64_TO_32_BIT_CONVERSION = YES;
				GCC_WARN_ABOUT_RETURN_TYPE = YES_ERROR;
				GCC_WARN_UNDECLARED_SELECTOR = YES;
				GCC_WARN_UNINITIALIZED_AUTOS = YES_AGGRESSIVE;
				GCC_WARN_UNUSED_FUNCTION = YES;
				GCC_WARN_UNUSED_VARIABLE = YES;
				IPHONEOS_DEPLOYMENT_TARGET = 15.2;
				MTL_ENABLE_DEBUG_INFO = INCLUDE_SOURCE;
				MTL_FAST_MATH = YES;
				ONLY_ACTIVE_ARCH = YES;
				SDKROOT = iphoneos;
				SWIFT_ACTIVE_COMPILATION_CONDITIONS = DEBUG;
				SWIFT_OPTIMIZATION_LEVEL = "-Onone";
			};
			name = Debug;
		};
		3A8B45EE28DFDCE00011C2C4 /* Release */ = {
			isa = XCBuildConfiguration;
			buildSettings = {
				ALWAYS_SEARCH_USER_PATHS = NO;
				CLANG_ANALYZER_NONNULL = YES;
				CLANG_ANALYZER_NUMBER_OBJECT_CONVERSION = YES_AGGRESSIVE;
				CLANG_CXX_LANGUAGE_STANDARD = "gnu++17";
				CLANG_CXX_LIBRARY = "libc++";
				CLANG_ENABLE_MODULES = YES;
				CLANG_ENABLE_OBJC_ARC = YES;
				CLANG_ENABLE_OBJC_WEAK = YES;
				CLANG_WARN_BLOCK_CAPTURE_AUTORELEASING = YES;
				CLANG_WARN_BOOL_CONVERSION = YES;
				CLANG_WARN_COMMA = YES;
				CLANG_WARN_CONSTANT_CONVERSION = YES;
				CLANG_WARN_DEPRECATED_OBJC_IMPLEMENTATIONS = YES;
				CLANG_WARN_DIRECT_OBJC_ISA_USAGE = YES_ERROR;
				CLANG_WARN_DOCUMENTATION_COMMENTS = YES;
				CLANG_WARN_EMPTY_BODY = YES;
				CLANG_WARN_ENUM_CONVERSION = YES;
				CLANG_WARN_INFINITE_RECURSION = YES;
				CLANG_WARN_INT_CONVERSION = YES;
				CLANG_WARN_NON_LITERAL_NULL_CONVERSION = YES;
				CLANG_WARN_OBJC_IMPLICIT_RETAIN_SELF = YES;
				CLANG_WARN_OBJC_LITERAL_CONVERSION = YES;
				CLANG_WARN_OBJC_ROOT_CLASS = YES_ERROR;
				CLANG_WARN_QUOTED_INCLUDE_IN_FRAMEWORK_HEADER = YES;
				CLANG_WARN_RANGE_LOOP_ANALYSIS = YES;
				CLANG_WARN_STRICT_PROTOTYPES = YES;
				CLANG_WARN_SUSPICIOUS_MOVE = YES;
				CLANG_WARN_UNGUARDED_AVAILABILITY = YES_AGGRESSIVE;
				CLANG_WARN_UNREACHABLE_CODE = YES;
				CLANG_WARN__DUPLICATE_METHOD_MATCH = YES;
				COPY_PHASE_STRIP = NO;
				DEBUG_INFORMATION_FORMAT = "dwarf-with-dsym";
				ENABLE_NS_ASSERTIONS = NO;
				ENABLE_STRICT_OBJC_MSGSEND = YES;
				GCC_C_LANGUAGE_STANDARD = gnu11;
				GCC_NO_COMMON_BLOCKS = YES;
				GCC_WARN_64_TO_32_BIT_CONVERSION = YES;
				GCC_WARN_ABOUT_RETURN_TYPE = YES_ERROR;
				GCC_WARN_UNDECLARED_SELECTOR = YES;
				GCC_WARN_UNINITIALIZED_AUTOS = YES_AGGRESSIVE;
				GCC_WARN_UNUSED_FUNCTION = YES;
				GCC_WARN_UNUSED_VARIABLE = YES;
				IPHONEOS_DEPLOYMENT_TARGET = 15.2;
				MTL_ENABLE_DEBUG_INFO = NO;
				MTL_FAST_MATH = YES;
				SDKROOT = iphoneos;
				SWIFT_COMPILATION_MODE = wholemodule;
				SWIFT_OPTIMIZATION_LEVEL = "-O";
				VALIDATE_PRODUCT = YES;
			};
			name = Release;
		};
		3A8B45F028DFDCE00011C2C4 /* Debug */ = {
			isa = XCBuildConfiguration;
			buildSettings = {
				ASSETCATALOG_COMPILER_APPICON_NAME = AppIcon;
				ASSETCATALOG_COMPILER_GLOBAL_ACCENT_COLOR_NAME = AccentColor;
				CODE_SIGN_STYLE = Automatic;
				CURRENT_PROJECT_VERSION = 1;
				DEVELOPMENT_TEAM = 2TX9W9SS3U;
				GENERATE_INFOPLIST_FILE = YES;
				INFOPLIST_FILE = AppHack/Info.plist;
				INFOPLIST_KEY_UIApplicationSupportsIndirectInputEvents = YES;
				INFOPLIST_KEY_UILaunchStoryboardName = LaunchScreen;
				INFOPLIST_KEY_UIMainStoryboardFile = Main;
				INFOPLIST_KEY_UISupportedInterfaceOrientations_iPad = "UIInterfaceOrientationPortrait UIInterfaceOrientationPortraitUpsideDown UIInterfaceOrientationLandscapeLeft UIInterfaceOrientationLandscapeRight";
				INFOPLIST_KEY_UISupportedInterfaceOrientations_iPhone = "UIInterfaceOrientationPortrait UIInterfaceOrientationLandscapeLeft UIInterfaceOrientationLandscapeRight";
				LD_RUNPATH_SEARCH_PATHS = (
					"$(inherited)",
					"@executable_path/Frameworks",
				);
				MARKETING_VERSION = 1.0;
				PRODUCT_BUNDLE_IDENTIFIER = com.prueba.AppHack;
				PRODUCT_NAME = "$(TARGET_NAME)";
				SWIFT_EMIT_LOC_STRINGS = YES;
				SWIFT_VERSION = 5.0;
				TARGETED_DEVICE_FAMILY = "1,2";
			};
			name = Debug;
		};
		3A8B45F128DFDCE00011C2C4 /* Release */ = {
			isa = XCBuildConfiguration;
			buildSettings = {
				ASSETCATALOG_COMPILER_APPICON_NAME = AppIcon;
				ASSETCATALOG_COMPILER_GLOBAL_ACCENT_COLOR_NAME = AccentColor;
				CODE_SIGN_STYLE = Automatic;
				CURRENT_PROJECT_VERSION = 1;
				DEVELOPMENT_TEAM = 2TX9W9SS3U;
				GENERATE_INFOPLIST_FILE = YES;
				INFOPLIST_FILE = AppHack/Info.plist;
				INFOPLIST_KEY_UIApplicationSupportsIndirectInputEvents = YES;
				INFOPLIST_KEY_UILaunchStoryboardName = LaunchScreen;
				INFOPLIST_KEY_UIMainStoryboardFile = Main;
				INFOPLIST_KEY_UISupportedInterfaceOrientations_iPad = "UIInterfaceOrientationPortrait UIInterfaceOrientationPortraitUpsideDown UIInterfaceOrientationLandscapeLeft UIInterfaceOrientationLandscapeRight";
				INFOPLIST_KEY_UISupportedInterfaceOrientations_iPhone = "UIInterfaceOrientationPortrait UIInterfaceOrientationLandscapeLeft UIInterfaceOrientationLandscapeRight";
				LD_RUNPATH_SEARCH_PATHS = (
					"$(inherited)",
					"@executable_path/Frameworks",
				);
				MARKETING_VERSION = 1.0;
				PRODUCT_BUNDLE_IDENTIFIER = com.prueba.AppHack;
				PRODUCT_NAME = "$(TARGET_NAME)";
				SWIFT_EMIT_LOC_STRINGS = YES;
				SWIFT_VERSION = 5.0;
				TARGETED_DEVICE_FAMILY = "1,2";
			};
			name = Release;
		};
		3A8B45F328DFDCE00011C2C4 /* Debug */ = {
			isa = XCBuildConfiguration;
			buildSettings = {
				ALWAYS_EMBED_SWIFT_STANDARD_LIBRARIES = YES;
				BUNDLE_LOADER = "$(TEST_HOST)";
				CODE_SIGN_STYLE = Automatic;
				CURRENT_PROJECT_VERSION = 1;
				DEVELOPMENT_TEAM = 2TX9W9SS3U;
				GENERATE_INFOPLIST_FILE = YES;
				IPHONEOS_DEPLOYMENT_TARGET = 15.2;
				MARKETING_VERSION = 1.0;
				PRODUCT_BUNDLE_IDENTIFIER = com.prueba.AppHackTests;
				PRODUCT_NAME = "$(TARGET_NAME)";
				SWIFT_EMIT_LOC_STRINGS = NO;
				SWIFT_VERSION = 5.0;
				TARGETED_DEVICE_FAMILY = "1,2";
				TEST_HOST = "$(BUILT_PRODUCTS_DIR)/AppHack.app/AppHack";
			};
			name = Debug;
		};
		3A8B45F428DFDCE00011C2C4 /* Release */ = {
			isa = XCBuildConfiguration;
			buildSettings = {
				ALWAYS_EMBED_SWIFT_STANDARD_LIBRARIES = YES;
				BUNDLE_LOADER = "$(TEST_HOST)";
				CODE_SIGN_STYLE = Automatic;
				CURRENT_PROJECT_VERSION = 1;
				DEVELOPMENT_TEAM = 2TX9W9SS3U;
				GENERATE_INFOPLIST_FILE = YES;
				IPHONEOS_DEPLOYMENT_TARGET = 15.2;
				MARKETING_VERSION = 1.0;
				PRODUCT_BUNDLE_IDENTIFIER = com.prueba.AppHackTests;
				PRODUCT_NAME = "$(TARGET_NAME)";
				SWIFT_EMIT_LOC_STRINGS = NO;
				SWIFT_VERSION = 5.0;
				TARGETED_DEVICE_FAMILY = "1,2";
				TEST_HOST = "$(BUILT_PRODUCTS_DIR)/AppHack.app/AppHack";
			};
			name = Release;
		};
		3A8B45F628DFDCE00011C2C4 /* Debug */ = {
			isa = XCBuildConfiguration;
			buildSettings = {
				ALWAYS_EMBED_SWIFT_STANDARD_LIBRARIES = YES;
				CODE_SIGN_STYLE = Automatic;
				CURRENT_PROJECT_VERSION = 1;
				DEVELOPMENT_TEAM = 2TX9W9SS3U;
				GENERATE_INFOPLIST_FILE = YES;
				MARKETING_VERSION = 1.0;
				PRODUCT_BUNDLE_IDENTIFIER = com.prueba.AppHackUITests;
				PRODUCT_NAME = "$(TARGET_NAME)";
				SWIFT_EMIT_LOC_STRINGS = NO;
				SWIFT_VERSION = 5.0;
				TARGETED_DEVICE_FAMILY = "1,2";
				TEST_TARGET_NAME = AppHack;
			};
			name = Debug;
		};
		3A8B45F728DFDCE00011C2C4 /* Release */ = {
			isa = XCBuildConfiguration;
			buildSettings = {
				ALWAYS_EMBED_SWIFT_STANDARD_LIBRARIES = YES;
				CODE_SIGN_STYLE = Automatic;
				CURRENT_PROJECT_VERSION = 1;
				DEVELOPMENT_TEAM = 2TX9W9SS3U;
				GENERATE_INFOPLIST_FILE = YES;
				MARKETING_VERSION = 1.0;
				PRODUCT_BUNDLE_IDENTIFIER = com.prueba.AppHackUITests;
				PRODUCT_NAME = "$(TARGET_NAME)";
				SWIFT_EMIT_LOC_STRINGS = NO;
				SWIFT_VERSION = 5.0;
				TARGETED_DEVICE_FAMILY = "1,2";
				TEST_TARGET_NAME = AppHack;
			};
			name = Release;
		};
/* End XCBuildConfiguration section */

/* Begin XCConfigurationList section */
		3A8B45C028DFDCDE0011C2C4 /* Build configuration list for PBXProject "AppHack" */ = {
			isa = XCConfigurationList;
			buildConfigurations = (
				3A8B45ED28DFDCE00011C2C4 /* Debug */,
				3A8B45EE28DFDCE00011C2C4 /* Release */,
			);
			defaultConfigurationIsVisible = 0;
			defaultConfigurationName = Release;
		};
		3A8B45EF28DFDCE00011C2C4 /* Build configuration list for PBXNativeTarget "AppHack" */ = {
			isa = XCConfigurationList;
			buildConfigurations = (
				3A8B45F028DFDCE00011C2C4 /* Debug */,
				3A8B45F128DFDCE00011C2C4 /* Release */,
			);
			defaultConfigurationIsVisible = 0;
			defaultConfigurationName = Release;
		};
		3A8B45F228DFDCE00011C2C4 /* Build configuration list for PBXNativeTarget "AppHackTests" */ = {
			isa = XCConfigurationList;
			buildConfigurations = (
				3A8B45F328DFDCE00011C2C4 /* Debug */,
				3A8B45F428DFDCE00011C2C4 /* Release */,
			);
			defaultConfigurationIsVisible = 0;
			defaultConfigurationName = Release;
		};
		3A8B45F528DFDCE00011C2C4 /* Build configuration list for PBXNativeTarget "AppHackUITests" */ = {
			isa = XCConfigurationList;
			buildConfigurations = (
				3A8B45F628DFDCE00011C2C4 /* Debug */,
				3A8B45F728DFDCE00011C2C4 /* Release */,
			);
			defaultConfigurationIsVisible = 0;
			defaultConfigurationName = Release;
		};
/* End XCConfigurationList section */
	};
	rootObject = 3A8B45BD28DFDCDE0011C2C4 /* Project object */;
}
